
Microsoft Visual Studio Solution File, Format Version 12.00
# Visual Studio Version 17
VisualStudioVersion = 17.0.31903.59
MinimumVisualStudioVersion = 10.0.40219.1
Project("{2150E333-8FDC-42A3-9474-1A3956D46DE8}") = "Solution Items", "Solution Items", "{A219E328-B15A-41FF-BAA5-5F46679EF9C8}"
	ProjectSection(SolutionItems) = preProject
		.editorconfig = .editorconfig
		.gitattributes = .gitattributes
		.gitignore = .gitignore
		build.ps1 = build.ps1
		.github\workflows\build.yaml = .github\workflows\build.yaml
		Directory.Build.props = Directory.Build.props
		dotnet-tools.json = dotnet-tools.json
		fsd\FacilityGeneratorApi.fsd = fsd\FacilityGeneratorApi.fsd
		LICENSE = LICENSE
		nuget.config = nuget.config
		README.md = README.md
		ReleaseNotes.md = ReleaseNotes.md
	EndProjectSection
EndProject
Project("{9A19103F-16F7-4668-BE54-9A1E7A4F7556}") = "Build", "tools\Build\Build.csproj", "{9D6DC519-8908-4D3A-B16B-118D682BD170}"
EndProject
Project("{9A19103F-16F7-4668-BE54-9A1E7A4F7556}") = "XmlDocGen", "tools\XmlDocGen\XmlDocGen.csproj", "{636E5B36-4AA8-47D8-884C-AE4D80B49A14}"
EndProject
Project("{9A19103F-16F7-4668-BE54-9A1E7A4F7556}") = "Facility.GeneratorApi", "src\Facility.GeneratorApi\Facility.GeneratorApi.csproj", "{A6BF83C0-057C-4C54-A047-294D86DB59F6}"
EndProject
Project("{9A19103F-16F7-4668-BE54-9A1E7A4F7556}") = "Facility.GeneratorApi.Services", "src\Facility.GeneratorApi.Services\Facility.GeneratorApi.Services.csproj", "{115F1895-5E0F-4C8C-B9E6-9337B98598AC}"
EndProject
Project("{9A19103F-16F7-4668-BE54-9A1E7A4F7556}") = "Facility.GeneratorApi.WebApi", "src\Facility.GeneratorApi.WebApi\Facility.GeneratorApi.WebApi.csproj", "{FB652511-33E2-4A38-837B-4AA2FE50CB77}"
EndProject
Global
	GlobalSection(SolutionConfigurationPlatforms) = preSolution
		Debug|Any CPU = Debug|Any CPU
		Release|Any CPU = Release|Any CPU
	EndGlobalSection
	GlobalSection(ProjectConfigurationPlatforms) = postSolution
		{9D6DC519-8908-4D3A-B16B-118D682BD170}.Debug|Any CPU.ActiveCfg = Debug|Any CPU
		{9D6DC519-8908-4D3A-B16B-118D682BD170}.Debug|Any CPU.Build.0 = Debug|Any CPU
		{9D6DC519-8908-4D3A-B16B-118D682BD170}.Release|Any CPU.ActiveCfg = Release|Any CPU
		{9D6DC519-8908-4D3A-B16B-118D682BD170}.Release|Any CPU.Build.0 = Release|Any CPU
		{636E5B36-4AA8-47D8-884C-AE4D80B49A14}.Debug|Any CPU.ActiveCfg = Debug|Any CPU
		{636E5B36-4AA8-47D8-884C-AE4D80B49A14}.Debug|Any CPU.Build.0 = Debug|Any CPU
		{636E5B36-4AA8-47D8-884C-AE4D80B49A14}.Release|Any CPU.ActiveCfg = Release|Any CPU
		{636E5B36-4AA8-47D8-884C-AE4D80B49A14}.Release|Any CPU.Build.0 = Release|Any CPU
		{A6BF83C0-057C-4C54-A047-294D86DB59F6}.Debug|Any CPU.ActiveCfg = Debug|Any CPU
		{A6BF83C0-057C-4C54-A047-294D86DB59F6}.Debug|Any CPU.Build.0 = Debug|Any CPU
		{A6BF83C0-057C-4C54-A047-294D86DB59F6}.Release|Any CPU.ActiveCfg = Release|Any CPU
		{A6BF83C0-057C-4C54-A047-294D86DB59F6}.Release|Any CPU.Build.0 = Release|Any CPU
		{115F1895-5E0F-4C8C-B9E6-9337B98598AC}.Debug|Any CPU.ActiveCfg = Debug|Any CPU
		{115F1895-5E0F-4C8C-B9E6-9337B98598AC}.Debug|Any CPU.Build.0 = Debug|Any CPU
		{115F1895-5E0F-4C8C-B9E6-9337B98598AC}.Release|Any CPU.ActiveCfg = Release|Any CPU
		{115F1895-5E0F-4C8C-B9E6-9337B98598AC}.Release|Any CPU.Build.0 = Release|Any CPU
		{FB652511-33E2-4A38-837B-4AA2FE50CB77}.Debug|Any CPU.ActiveCfg = Debug|Any CPU
		{FB652511-33E2-4A38-837B-4AA2FE50CB77}.Debug|Any CPU.Build.0 = Debug|Any CPU
		{FB652511-33E2-4A38-837B-4AA2FE50CB77}.Release|Any CPU.ActiveCfg = Release|Any CPU
		{FB652511-33E2-4A38-837B-4AA2FE50CB77}.Release|Any CPU.Build.0 = Release|Any CPU
	EndGlobalSection
	GlobalSection(SolutionProperties) = preSolution
		HideSolutionNode = FALSE
	EndGlobalSection
	GlobalSection(ExtensibilityGlobals) = postSolution
		SolutionGuid = {1F4B8E98-2AE0-4191-86AE-28F3FE05E9A5}
	EndGlobalSection
EndGlobal
