{
  "name": "facility-generator-api",
  "version": "0.6.0",
  "lockfileVersion": 2,
  "requires": true,
  "packages": {
    "": {
      "name": "facility-generator-api",
      "version": "0.6.0",
      "license": "MIT",
      "dependencies": {
        "facility-core": "^2.2.0"
      },
      "devDependencies": {
        "typescript": "^3.9.10"
      }
    },
    "node_modules/facility-core": {
      "version": "2.2.0",
      "resolved": "https://registry.npmjs.org/facility-core/-/facility-core-2.2.0.tgz",
      "integrity": "sha512-2L0yZCu5+jpaIVc4i0cCRKU69Tv1aAMOIb0O3/4ZY+VWC31EAYsO2RDiuUjaHc2F2AQoGK7HD9tsMSvZF2QJ1g=="
    },
    "node_modules/typescript": {
      "version": "3.9.10",
      "resolved": "https://registry.npmjs.org/typescript/-/typescript-3.9.10.tgz",
      "integrity": "sha512-w6fIxVE/H1PkLKcCPsFqKE7Kv7QUwhU8qQY2MueZXWx5cPZdwFupLgKK3vntcK98BtNHZtAF4LA/yl2a7k8R6Q==",
      "dev": true,
      "bin": {
        "tsc": "bin/tsc",
        "tsserver": "bin/tsserver"
      },
      "engines": {
        "node": ">=4.2.0"
      }
    }
  },
  "dependencies": {
    "facility-core": {
      "version": "2.2.0",
      "resolved": "https://registry.npmjs.org/facility-core/-/facility-core-2.2.0.tgz",
      "integrity": "sha512-2L0yZCu5+jpaIVc4i0cCRKU69Tv1aAMOIb0O3/4ZY+VWC31EAYsO2RDiuUjaHc2F2AQoGK7HD9tsMSvZF2QJ1g=="
    },
    "typescript": {
      "version": "3.9.10",
      "resolved": "https://registry.npmjs.org/typescript/-/typescript-3.9.10.tgz",
      "integrity": "sha512-w6fIxVE/H1PkLKcCPsFqKE7Kv7QUwhU8qQY2MueZXWx5cPZdwFupLgKK3vntcK98BtNHZtAF4LA/yl2a7k8R6Q==",
      "dev": true
    }
  }
}
